{
  "requires": true,
  "lockfileVersion": 1,
  "dependencies": {
    "@ngxs/devtools-plugin": {
      "version": "3.5.1",
      "resolved": "https://registry.npmjs.org/@ngxs/devtools-plugin/-/devtools-plugin-3.5.1.tgz",
      "integrity": "sha512-3/dHWCnAC5D4K3c0XJZ3RtzbRAcYYJDnZtHTL9z/kzH96Rynb41K+T8bJ/XhLFHSbXuNxd0/m+/unuS0CQQGvA==",
      "requires": {
        "tslib": "^1.9.0"
      }
    },
    "tslib": {
      "version": "1.10.0",
      "resolved": "https://registry.npmjs.org/tslib/-/tslib-1.10.0.tgz",
      "integrity": "sha512-qOebF53frne81cf0S9B41ByenJ3/IuH8yJKngAX35CmiZySA0khhkovshKK+jGCaMnVomla7gVlIcc3EvKPbTQ=="
    }
  }
}
